
Microsoft Visual Studio Solution File, Format Version 12.00
# Visual Studio Version 16
VisualStudioVersion = 16.0.31205.134
MinimumVisualStudioVersion = 10.0.40219.1
Project("{FAE04EC0-301F-11D3-BF4B-00C04F79EFBC}") = "MultiSelectionPicker.UWP", "MultiSelectionPicker.UWP\MultiSelectionPicker.UWP.csproj", "{9AA6FF96-3092-42BB-95B5-AE4E3246E489}"
EndProject
Project("{FAE04EC0-301F-11D3-BF4B-00C04F79EFBC}") = "MultiSelectionPicker.Android", "MultiSelectionPicker.Android\MultiSelectionPicker.Android.csproj", "{34F0C8A5-1478-4142-ACD1-F6D9B58D1724}"
EndProject
Project("{FAE04EC0-301F-11D3-BF4B-00C04F79EFBC}") = "MultiSelectionPicker.iOS", "MultiSelectionPicker.iOS\MultiSelectionPicker.iOS.csproj", "{B3245F85-AA7C-48F7-B4DC-1625E5C59728}"
EndProject
Project("{FAE04EC0-301F-11D3-BF4B-00C04F79EFBC}") = "MultiSelectionPicker", "MultiSelectionPicker\MultiSelectionPicker.csproj", "{2D5C8D86-AF8C-4B59-8E06-5674552E429A}"
EndProject
Global
	GlobalSection(SolutionConfigurationPlatforms) = preSolution
		Debug|Any CPU = Debug|Any CPU
		Debug|ARM = Debug|ARM
		Debug|iPhone = Debug|iPhone
		Debug|iPhoneSimulator = Debug|iPhoneSimulator
		Debug|x64 = Debug|x64
		Debug|x86 = Debug|x86
		Release|Any CPU = Release|Any CPU
		Release|ARM = Release|ARM
		Release|iPhone = Release|iPhone
		Release|iPhoneSimulator = Release|iPhoneSimulator
		Release|x64 = Release|x64
		Release|x86 = Release|x86
	EndGlobalSection
	GlobalSection(ProjectConfigurationPlatforms) = postSolution
		{9AA6FF96-3092-42BB-95B5-AE4E3246E489}.Debug|Any CPU.ActiveCfg = Debug|x86
		{9AA6FF96-3092-42BB-95B5-AE4E3246E489}.Debug|Any CPU.Build.0 = Debug|x86
		{9AA6FF96-3092-42BB-95B5-AE4E3246E489}.Debug|Any CPU.Deploy.0 = Debug|x86
		{9AA6FF96-3092-42BB-95B5-AE4E3246E489}.Debug|ARM.ActiveCfg = Debug|ARM
		{9AA6FF96-3092-42BB-95B5-AE4E3246E489}.Debug|ARM.Build.0 = Debug|ARM
		{9AA6FF96-3092-42BB-95B5-AE4E3246E489}.Debug|ARM.Deploy.0 = Debug|ARM
		{9AA6FF96-3092-42BB-95B5-AE4E3246E489}.Debug|iPhone.ActiveCfg = Debug|x86
		{9AA6FF96-3092-42BB-95B5-AE4E3246E489}.Debug|iPhone.Build.0 = Debug|x86
		{9AA6FF96-3092-42BB-95B5-AE4E3246E489}.Debug|iPhone.Deploy.0 = Debug|x86
		{9AA6FF96-3092-42BB-95B5-AE4E3246E489}.Debug|iPhoneSimulator.ActiveCfg = Debug|x86
		{9AA6FF96-3092-42BB-95B5-AE4E3246E489}.Debug|iPhoneSimulator.Build.0 = Debug|x86
		{9AA6FF96-3092-42BB-95B5-AE4E3246E489}.Debug|iPhoneSimulator.Deploy.0 = Debug|x86
		{9AA6FF96-3092-42BB-95B5-AE4E3246E489}.Debug|x64.ActiveCfg = Debug|x64
		{9AA6FF96-3092-42BB-95B5-AE4E3246E489}.Debug|x64.Build.0 = Debug|x64
		{9AA6FF96-3092-42BB-95B5-AE4E3246E489}.Debug|x64.Deploy.0 = Debug|x64
		{9AA6FF96-3092-42BB-95B5-AE4E3246E489}.Debug|x86.ActiveCfg = Debug|x86
		{9AA6FF96-3092-42BB-95B5-AE4E3246E489}.Debug|x86.Build.0 = Debug|x86
		{9AA6FF96-3092-42BB-95B5-AE4E3246E489}.Debug|x86.Deploy.0 = Debug|x86
		{9AA6FF96-3092-42BB-95B5-AE4E3246E489}.Release|Any CPU.ActiveCfg = Release|x86
		{9AA6FF96-3092-42BB-95B5-AE4E3246E489}.Release|Any CPU.Build.0 = Release|x86
		{9AA6FF96-3092-42BB-95B5-AE4E3246E489}.Release|Any CPU.Deploy.0 = Release|x86
		{9AA6FF96-3092-42BB-95B5-AE4E3246E489}.Release|ARM.ActiveCfg = Release|ARM
		{9AA6FF96-3092-42BB-95B5-AE4E3246E489}.Release|ARM.Build.0 = Release|ARM
		{9AA6FF96-3092-42BB-95B5-AE4E3246E489}.Release|ARM.Deploy.0 = Release|ARM
		{9AA6FF96-3092-42BB-95B5-AE4E3246E489}.Release|iPhone.ActiveCfg = Release|x86
		{9AA6FF96-3092-42BB-95B5-AE4E3246E489}.Release|iPhone.Build.0 = Release|x86
		{9AA6FF96-3092-42BB-95B5-AE4E3246E489}.Release|iPhone.Deploy.0 = Release|x86
		{9AA6FF96-3092-42BB-95B5-AE4E3246E489}.Release|iPhoneSimulator.ActiveCfg = Release|x86
		{9AA6FF96-3092-42BB-95B5-AE4E3246E489}.Release|iPhoneSimulator.Build.0 = Release|x86
		{9AA6FF96-3092-42BB-95B5-AE4E3246E489}.Release|iPhoneSimulator.Deploy.0 = Release|x86
		{9AA6FF96-3092-42BB-95B5-AE4E3246E489}.Release|x64.ActiveCfg = Release|x64
		{9AA6FF96-3092-42BB-95B5-AE4E3246E489}.Release|x64.Build.0 = Release|x64
		{9AA6FF96-3092-42BB-95B5-AE4E3246E489}.Release|x64.Deploy.0 = Release|x64
		{9AA6FF96-3092-42BB-95B5-AE4E3246E489}.Release|x86.ActiveCfg = Release|x86
		{9AA6FF96-3092-42BB-95B5-AE4E3246E489}.Release|x86.Build.0 = Release|x86
		{9AA6FF96-3092-42BB-95B5-AE4E3246E489}.Release|x86.Deploy.0 = Release|x86
		{34F0C8A5-1478-4142-ACD1-F6D9B58D1724}.Debug|Any CPU.ActiveCfg = Debug|Any CPU
		{34F0C8A5-1478-4142-ACD1-F6D9B58D1724}.Debug|Any CPU.Build.0 = Debug|Any CPU
		{34F0C8A5-1478-4142-ACD1-F6D9B58D1724}.Debug|Any CPU.Deploy.0 = Debug|Any CPU
		{34F0C8A5-1478-4142-ACD1-F6D9B58D1724}.Debug|ARM.ActiveCfg = Debug|Any CPU
		{34F0C8A5-1478-4142-ACD1-F6D9B58D1724}.Debug|ARM.Build.0 = Debug|Any CPU
		{34F0C8A5-1478-4142-ACD1-F6D9B58D1724}.Debug|ARM.Deploy.0 = Debug|Any CPU
		{34F0C8A5-1478-4142-ACD1-F6D9B58D1724}.Debug|iPhone.ActiveCfg = Debug|Any CPU
		{34F0C8A5-1478-4142-ACD1-F6D9B58D1724}.Debug|iPhone.Build.0 = Debug|Any CPU
		{34F0C8A5-1478-4142-ACD1-F6D9B58D1724}.Debug|iPhone.Deploy.0 = Debug|Any CPU
		{34F0C8A5-1478-4142-ACD1-F6D9B58D1724}.Debug|iPhoneSimulator.ActiveCfg = Debug|Any CPU
		{34F0C8A5-1478-4142-ACD1-F6D9B58D1724}.Debug|iPhoneSimulator.Build.0 = Debug|Any CPU
		{34F0C8A5-1478-4142-ACD1-F6D9B58D1724}.Debug|iPhoneSimulator.Deploy.0 = Debug|Any CPU
		{34F0C8A5-1478-4142-ACD1-F6D9B58D1724}.Debug|x64.ActiveCfg = Debug|Any CPU
		{34F0C8A5-1478-4142-ACD1-F6D9B58D1724}.Debug|x64.Build.0 = Debug|Any CPU
		{34F0C8A5-1478-4142-ACD1-F6D9B58D1724}.Debug|x64.Deploy.0 = Debug|Any CPU
		{34F0C8A5-1478-4142-ACD1-F6D9B58D1724}.Debug|x86.ActiveCfg = Debug|Any CPU
		{34F0C8A5-1478-4142-ACD1-F6D9B58D1724}.Debug|x86.Build.0 = Debug|Any CPU
		{34F0C8A5-1478-4142-ACD1-F6D9B58D1724}.Debug|x86.Deploy.0 = Debug|Any CPU
		{34F0C8A5-1478-4142-ACD1-F6D9B58D1724}.Release|Any CPU.ActiveCfg = Release|Any CPU
		{34F0C8A5-1478-4142-ACD1-F6D9B58D1724}.Release|Any CPU.Build.0 = Release|Any CPU
		{34F0C8A5-1478-4142-ACD1-F6D9B58D1724}.Release|Any CPU.Deploy.0 = Release|Any CPU
		{34F0C8A5-1478-4142-ACD1-F6D9B58D1724}.Release|ARM.ActiveCfg = Release|Any CPU
		{34F0C8A5-1478-4142-ACD1-F6D9B58D1724}.Release|ARM.Build.0 = Release|Any CPU
		{34F0C8A5-1478-4142-ACD1-F6D9B58D1724}.Release|ARM.Deploy.0 = Release|Any CPU
		{34F0C8A5-1478-4142-ACD1-F6D9B58D1724}.Release|iPhone.ActiveCfg = Release|Any CPU
		{34F0C8A5-1478-4142-ACD1-F6D9B58D1724}.Release|iPhone.Build.0 = Release|Any CPU
		{34F0C8A5-1478-4142-ACD1-F6D9B58D1724}.Release|iPhone.Deploy.0 = Release|Any CPU
		{34F0C8A5-1478-4142-ACD1-F6D9B58D1724}.Release|iPhoneSimulator.ActiveCfg = Release|Any CPU
		{34F0C8A5-1478-4142-ACD1-F6D9B58D1724}.Release|iPhoneSimulator.Build.0 = Release|Any CPU
		{34F0C8A5-1478-4142-ACD1-F6D9B58D1724}.Release|iPhoneSimulator.Deploy.0 = Release|Any CPU
		{34F0C8A5-1478-4142-ACD1-F6D9B58D1724}.Release|x64.ActiveCfg = Release|Any CPU
		{34F0C8A5-1478-4142-ACD1-F6D9B58D1724}.Release|x64.Build.0 = Release|Any CPU
		{34F0C8A5-1478-4142-ACD1-F6D9B58D1724}.Release|x64.Deploy.0 = Release|Any CPU
		{34F0C8A5-1478-4142-ACD1-F6D9B58D1724}.Release|x86.ActiveCfg = Release|Any CPU
		{34F0C8A5-1478-4142-ACD1-F6D9B58D1724}.Release|x86.Build.0 = Release|Any CPU
		{34F0C8A5-1478-4142-ACD1-F6D9B58D1724}.Release|x86.Deploy.0 = Release|Any CPU
		{B3245F85-AA7C-48F7-B4DC-1625E5C59728}.Debug|Any CPU.ActiveCfg = Debug|iPhoneSimulator
		{B3245F85-AA7C-48F7-B4DC-1625E5C59728}.Debug|Any CPU.Build.0 = Debug|iPhoneSimulator
		{B3245F85-AA7C-48F7-B4DC-1625E5C59728}.Debug|Any CPU.Deploy.0 = Debug|iPhoneSimulator
		{B3245F85-AA7C-48F7-B4DC-1625E5C59728}.Debug|ARM.ActiveCfg = Debug|iPhone
		{B3245F85-AA7C-48F7-B4DC-1625E5C59728}.Debug|ARM.Build.0 = Debug|iPhone
		{B3245F85-AA7C-48F7-B4DC-1625E5C59728}.Debug|ARM.Deploy.0 = Debug|iPhone
		{B3245F85-AA7C-48F7-B4DC-1625E5C59728}.Debug|iPhone.ActiveCfg = Debug|iPhone
		{B3245F85-AA7C-48F7-B4DC-1625E5C59728}.Debug|iPhone.Build.0 = Debug|iPhone
		{B3245F85-AA7C-48F7-B4DC-1625E5C59728}.Debug|iPhone.Deploy.0 = Debug|iPhone
		{B3245F85-AA7C-48F7-B4DC-1625E5C59728}.Debug|iPhoneSimulator.ActiveCfg = Debug|iPhoneSimulator
		{B3245F85-AA7C-48F7-B4DC-1625E5C59728}.Debug|iPhoneSimulator.Build.0 = Debug|iPhoneSimulator
		{B3245F85-AA7C-48F7-B4DC-1625E5C59728}.Debug|iPhoneSimulator.Deploy.0 = Debug|iPhoneSimulator
		{B3245F85-AA7C-48F7-B4DC-1625E5C59728}.Debug|x64.ActiveCfg = Debug|iPhoneSimulator
		{B3245F85-AA7C-48F7-B4DC-1625E5C59728}.Debug|x64.Build.0 = Debug|iPhoneSimulator
		{B3245F85-AA7C-48F7-B4DC-1625E5C59728}.Debug|x64.Deploy.0 = Debug|iPhoneSimulator
		{B3245F85-AA7C-48F7-B4DC-1625E5C59728}.Debug|x86.ActiveCfg = Debug|iPhoneSimulator
		{B3245F85-AA7C-48F7-B4DC-1625E5C59728}.Debug|x86.Build.0 = Debug|iPhoneSimulator
		{B3245F85-AA7C-48F7-B4DC-1625E5C59728}.Debug|x86.Deploy.0 = Debug|iPhoneSimulator
		{B3245F85-AA7C-48F7-B4DC-1625E5C59728}.Release|Any CPU.ActiveCfg = Release|iPhoneSimulator
		{B3245F85-AA7C-48F7-B4DC-1625E5C59728}.Release|Any CPU.Build.0 = Release|iPhoneSimulator
		{B3245F85-AA7C-48F7-B4DC-1625E5C59728}.Release|Any CPU.Deploy.0 = Release|iPhoneSimulator
		{B3245F85-AA7C-48F7-B4DC-1625E5C59728}.Release|ARM.ActiveCfg = Release|iPhoneSimulator
		{B3245F85-AA7C-48F7-B4DC-1625E5C59728}.Release|ARM.Build.0 = Release|iPhoneSimulator
		{B3245F85-AA7C-48F7-B4DC-1625E5C59728}.Release|ARM.Deploy.0 = Release|iPhoneSimulator
		{B3245F85-AA7C-48F7-B4DC-1625E5C59728}.Release|iPhone.ActiveCfg = Release|iPhone
		{B3245F85-AA7C-48F7-B4DC-1625E5C59728}.Release|iPhone.Build.0 = Release|iPhone
		{B3245F85-AA7C-48F7-B4DC-1625E5C59728}.Release|iPhone.Deploy.0 = Release|iPhone
		{B3245F85-AA7C-48F7-B4DC-1625E5C59728}.Release|iPhoneSimulator.ActiveCfg = Release|iPhoneSimulator
		{B3245F85-AA7C-48F7-B4DC-1625E5C59728}.Release|iPhoneSimulator.Build.0 = Release|iPhoneSimulator
		{B3245F85-AA7C-48F7-B4DC-1625E5C59728}.Release|iPhoneSimulator.Deploy.0 = Release|iPhoneSimulator
		{B3245F85-AA7C-48F7-B4DC-1625E5C59728}.Release|x64.ActiveCfg = Release|iPhoneSimulator
		{B3245F85-AA7C-48F7-B4DC-1625E5C59728}.Release|x64.Build.0 = Release|iPhoneSimulator
		{B3245F85-AA7C-48F7-B4DC-1625E5C59728}.Release|x64.Deploy.0 = Release|iPhoneSimulator
		{B3245F85-AA7C-48F7-B4DC-1625E5C59728}.Release|x86.ActiveCfg = Release|iPhoneSimulator
		{B3245F85-AA7C-48F7-B4DC-1625E5C59728}.Release|x86.Build.0 = Release|iPhoneSimulator
		{B3245F85-AA7C-48F7-B4DC-1625E5C59728}.Release|x86.Deploy.0 = Release|iPhoneSimulator
		{2D5C8D86-AF8C-4B59-8E06-5674552E429A}.Debug|Any CPU.ActiveCfg = Debug|Any CPU
		{2D5C8D86-AF8C-4B59-8E06-5674552E429A}.Debug|Any CPU.Build.0 = Debug|Any CPU
		{2D5C8D86-AF8C-4B59-8E06-5674552E429A}.Debug|Any CPU.Deploy.0 = Debug|Any CPU
		{2D5C8D86-AF8C-4B59-8E06-5674552E429A}.Debug|ARM.ActiveCfg = Debug|Any CPU
		{2D5C8D86-AF8C-4B59-8E06-5674552E429A}.Debug|ARM.Build.0 = Debug|Any CPU
		{2D5C8D86-AF8C-4B59-8E06-5674552E429A}.Debug|ARM.Deploy.0 = Debug|Any CPU
		{2D5C8D86-AF8C-4B59-8E06-5674552E429A}.Debug|iPhone.ActiveCfg = Debug|Any CPU
		{2D5C8D86-AF8C-4B59-8E06-5674552E429A}.Debug|iPhone.Build.0 = Debug|Any CPU
		{2D5C8D86-AF8C-4B59-8E06-5674552E429A}.Debug|iPhone.Deploy.0 = Debug|Any CPU
		{2D5C8D86-AF8C-4B59-8E06-5674552E429A}.Debug|iPhoneSimulator.ActiveCfg = Debug|Any CPU
		{2D5C8D86-AF8C-4B59-8E06-5674552E429A}.Debug|iPhoneSimulator.Build.0 = Debug|Any CPU
		{2D5C8D86-AF8C-4B59-8E06-5674552E429A}.Debug|iPhoneSimulator.Deploy.0 = Debug|Any CPU
		{2D5C8D86-AF8C-4B59-8E06-5674552E429A}.Debug|x64.ActiveCfg = Debug|Any CPU
		{2D5C8D86-AF8C-4B59-8E06-5674552E429A}.Debug|x64.Build.0 = Debug|Any CPU
		{2D5C8D86-AF8C-4B59-8E06-5674552E429A}.Debug|x64.Deploy.0 = Debug|Any CPU
		{2D5C8D86-AF8C-4B59-8E06-5674552E429A}.Debug|x86.ActiveCfg = Debug|Any CPU
		{2D5C8D86-AF8C-4B59-8E06-5674552E429A}.Debug|x86.Build.0 = Debug|Any CPU
		{2D5C8D86-AF8C-4B59-8E06-5674552E429A}.Debug|x86.Deploy.0 = Debug|Any CPU
		{2D5C8D86-AF8C-4B59-8E06-5674552E429A}.Release|Any CPU.ActiveCfg = Release|Any CPU
		{2D5C8D86-AF8C-4B59-8E06-5674552E429A}.Release|Any CPU.Build.0 = Release|Any CPU
		{2D5C8D86-AF8C-4B59-8E06-5674552E429A}.Release|Any CPU.Deploy.0 = Release|Any CPU
		{2D5C8D86-AF8C-4B59-8E06-5674552E429A}.Release|ARM.ActiveCfg = Release|Any CPU
		{2D5C8D86-AF8C-4B59-8E06-5674552E429A}.Release|ARM.Build.0 = Release|Any CPU
		{2D5C8D86-AF8C-4B59-8E06-5674552E429A}.Release|ARM.Deploy.0 = Release|Any CPU
		{2D5C8D86-AF8C-4B59-8E06-5674552E429A}.Release|iPhone.ActiveCfg = Release|Any CPU
		{2D5C8D86-AF8C-4B59-8E06-5674552E429A}.Release|iPhone.Build.0 = Release|Any CPU
		{2D5C8D86-AF8C-4B59-8E06-5674552E429A}.Release|iPhone.Deploy.0 = Release|Any CPU
		{2D5C8D86-AF8C-4B59-8E06-5674552E429A}.Release|iPhoneSimulator.ActiveCfg = Release|Any CPU
		{2D5C8D86-AF8C-4B59-8E06-5674552E429A}.Release|iPhoneSimulator.Build.0 = Release|Any CPU
		{2D5C8D86-AF8C-4B59-8E06-5674552E429A}.Release|iPhoneSimulator.Deploy.0 = Release|Any CPU
		{2D5C8D86-AF8C-4B59-8E06-5674552E429A}.Release|x64.ActiveCfg = Release|Any CPU
		{2D5C8D86-AF8C-4B59-8E06-5674552E429A}.Release|x64.Build.0 = Release|Any CPU
		{2D5C8D86-AF8C-4B59-8E06-5674552E429A}.Release|x64.Deploy.0 = Release|Any CPU
		{2D5C8D86-AF8C-4B59-8E06-5674552E429A}.Release|x86.ActiveCfg = Release|Any CPU
		{2D5C8D86-AF8C-4B59-8E06-5674552E429A}.Release|x86.Build.0 = Release|Any CPU
		{2D5C8D86-AF8C-4B59-8E06-5674552E429A}.Release|x86.Deploy.0 = Release|Any CPU
	EndGlobalSection
	GlobalSection(SolutionProperties) = preSolution
		HideSolutionNode = FALSE
	EndGlobalSection
	GlobalSection(ExtensibilityGlobals) = postSolution
		SolutionGuid = {398CE062-4777-43D1-BCB1-D2539FE70BAB}
	EndGlobalSection
EndGlobal
